// !$*UTF8*$!
{
	archiveVersion = 1;
	classes = {
	};
	objectVersion = 56;
	objects = {

/* Begin PBXBuildFile section */
		40879EEC2D003F3B00635E00 /* AppDelegate.m in Sources */ = {isa = PBXBuildFile; fileRef = 40879EEB2D003F3B00635E00 /* AppDelegate.m */; };
		40879EEF2D003F3B00635E00 /* SceneDelegate.m in Sources */ = {isa = PBXBuildFile; fileRef = 40879EEE2D003F3B00635E00 /* SceneDelegate.m */; };
		40879EF22D003F3B00635E00 /* ViewController.m in Sources */ = {isa = PBXBuildFile; fileRef = 40879EF12D003F3B00635E00 /* ViewController.m */; };
		40879EF52D003F3B00635E00 /* Base in Resources */ = {isa = PBXBuildFile; fileRef = 40879EF42D003F3B00635E00 /* Base */; };
		40879EF72D003F3D00635E00 /* Assets.xcassets in Resources */ = {isa = PBXBuildFile; fileRef = 40879EF62D003F3D00635E00 /* Assets.xcassets */; };
		40879EFA2D003F3D00635E00 /* Base in Resources */ = {isa = PBXBuildFile; fileRef = 40879EF92D003F3D00635E00 /* Base */; };
		40879EFD2D003F3D00635E00 /* main.m in Sources */ = {isa = PBXBuildFile; fileRef = 40879EFC2D003F3D00635E00 /* main.m */; };
		40879F072D003F3D00635E00 /* LBEBayDemoTests.m in Sources */ = {isa = PBXBuildFile; fileRef = 40879F062D003F3D00635E00 /* LBEBayDemoTests.m */; };
		40879F112D003F3D00635E00 /* LBEBayDemoUITests.m in Sources */ = {isa = PBXBuildFile; fileRef = 40879F102D003F3D00635E00 /* LBEBayDemoUITests.m */; };
		40879F132D003F3D00635E00 /* LBEBayDemoUITestsLaunchTests.m in Sources */ = {isa = PBXBuildFile; fileRef = 40879F122D003F3D00635E00 /* LBEBayDemoUITestsLaunchTests.m */; };
/* End PBXBuildFile section */

/* Begin PBXContainerItemProxy section */
		40879F032D003F3D00635E00 /* PBXContainerItemProxy */ = {
			isa = PBXContainerItemProxy;
			containerPortal = 40879EDF2D003F3B00635E00 /* Project object */;
			proxyType = 1;
			remoteGlobalIDString = 40879EE62D003F3B00635E00;
			remoteInfo = LBEBayDemo;
		};
		40879F0D2D003F3D00635E00 /* PBXContainerItemProxy */ = {
			isa = PBXContainerItemProxy;
			containerPortal = 40879EDF2D003F3B00635E00 /* Project object */;
			proxyType = 1;
			remoteGlobalIDString = 40879EE62D003F3B00635E00;
			remoteInfo = LBEBayDemo;
		};
/* End PBXContainerItemProxy section */

/* Begin PBXFileReference section */
		40879EE72D003F3B00635E00 /* LBEBayDemo.app */ = {isa = PBXFileReference; explicitFileType = wrapper.application; includeInIndex = 0; path = LBEBayDemo.app; sourceTree = BUILT_PRODUCTS_DIR; };
		40879EEA2D003F3B00635E00 /* AppDelegate.h */ = {isa = PBXFileReference; lastKnownFileType = sourcecode.c.h; path = AppDelegate.h; sourceTree = "<group>"; };
		40879EEB2D003F3B00635E00 /* AppDelegate.m */ = {isa = PBXFileReference; lastKnownFileType = sourcecode.c.objc; path = AppDelegate.m; sourceTree = "<group>"; };
		40879EED2D003F3B00635E00 /* SceneDelegate.h */ = {isa = PBXFileReference; lastKnownFileType = sourcecode.c.h; path = SceneDelegate.h; sourceTree = "<group>"; };
		40879EEE2D003F3B00635E00 /* SceneDelegate.m */ = {isa = PBXFileReference; lastKnownFileType = sourcecode.c.objc; path = SceneDelegate.m; sourceTree = "<group>"; };
		40879EF02D003F3B00635E00 /* ViewController.h */ = {isa = PBXFileReference; lastKnownFileType = sourcecode.c.h; path = ViewController.h; sourceTree = "<group>"; };
		40879EF12D003F3B00635E00 /* ViewController.m */ = {isa = PBXFileReference; lastKnownFileType = sourcecode.c.objc; path = ViewController.m; sourceTree = "<group>"; };
		40879EF42D003F3B00635E00 /* Base */ = {isa = PBXFileReference; lastKnownFileType = file.storyboard; name = Base; path = Base.lproj/Main.storyboard; sourceTree = "<group>"; };
		40879EF62D003F3D00635E00 /* Assets.xcassets */ = {isa = PBXFileReference; lastKnownFileType = folder.assetcatalog; path = Assets.xcassets; sourceTree = "<group>"; };
		40879EF92D003F3D00635E00 /* Base */ = {isa = PBXFileReference; lastKnownFileType = file.storyboard; name = Base; path = Base.lproj/LaunchScreen.storyboard; sourceTree = "<group>"; };
		40879EFB2D003F3D00635E00 /* Info.plist */ = {isa = PBXFileReference; lastKnownFileType = text.plist.xml; path = Info.plist; sourceTree = "<group>"; };
		40879EFC2D003F3D00635E00 /* main.m */ = {isa = PBXFileReference; lastKnownFileType = sourcecode.c.objc; path = main.m; sourceTree = "<group>"; };
		40879F022D003F3D00635E00 /* LBEBayDemoTests.xctest */ = {isa = PBXFileReference; explicitFileType = wrapper.cfbundle; includeInIndex = 0; path = LBEBayDemoTests.xctest; sourceTree = BUILT_PRODUCTS_DIR; };
		40879F062D003F3D00635E00 /* LBEBayDemoTests.m */ = {isa = PBXFileReference; lastKnownFileType = sourcecode.c.objc; path = LBEBayDemoTests.m; sourceTree = "<group>"; };
		40879F0C2D003F3D00635E00 /* LBEBayDemoUITests.xctest */ = {isa = PBXFileReference; explicitFileType = wrapper.cfbundle; includeInIndex = 0; path = LBEBayDemoUITests.xctest; sourceTree = BUILT_PRODUCTS_DIR; };
		40879F102D003F3D00635E00 /* LBEBayDemoUITests.m */ = {isa = PBXFileReference; lastKnownFileType = sourcecode.c.objc; path = LBEBayDemoUITests.m; sourceTree = "<group>"; };
		40879F122D003F3D00635E00 /* LBEBayDemoUITestsLaunchTests.m */ = {isa = PBXFileReference; lastKnownFileType = sourcecode.c.objc; path = LBEBayDemoUITestsLaunchTests.m; sourceTree = "<group>"; };
/* End PBXFileReference section */

/* Begin PBXFrameworksBuildPhase section */
		40879EE42D003F3B00635E00 /* Frameworks */ = {
			isa = PBXFrameworksBuildPhase;
			buildActionMask = 2147483647;
			files = (
			);
			runOnlyForDeploymentPostprocessing = 0;
		};
		40879EFF2D003F3D00635E00 /* Frameworks */ = {
			isa = PBXFrameworksBuildPhase;
			buildActionMask = 2147483647;
			files = (
			);
			runOnlyForDeploymentPostprocessing = 0;
		};
		40879F092D003F3D00635E00 /* Frameworks */ = {
			isa = PBXFrameworksBuildPhase;
			buildActionMask = 2147483647;
			files = (
			);
			runOnlyForDeploymentPostprocessing = 0;
		};
/* End PBXFrameworksBuildPhase section */

/* Begin PBXGroup section */
		40879EDE2D003F3B00635E00 = {
			isa = PBXGroup;
			children = (
				40879EE92D003F3B00635E00 /* LBEBayDemo */,
				40879F052D003F3D00635E00 /* LBEBayDemoTests */,
				40879F0F2D003F3D00635E00 /* LBEBayDemoUITests */,
				40879EE82D003F3B00635E00 /* Products */,
			);
			sourceTree = "<group>";
		};
		40879EE82D003F3B00635E00 /* Products */ = {
			isa = PBXGroup;
			children = (
				40879EE72D003F3B00635E00 /* LBEBayDemo.app */,
				40879F022D003F3D00635E00 /* LBEBayDemoTests.xctest */,
				40879F0C2D003F3D00635E00 /* LBEBayDemoUITests.xctest */,
			);
			name = Products;
			sourceTree = "<group>";
		};
		40879EE92D003F3B00635E00 /* LBEBayDemo */ = {
			isa = PBXGroup;
			children = (
				40879EEA2D003F3B00635E00 /* AppDelegate.h */,
				40879EEB2D003F3B00635E00 /* AppDelegate.m */,
				40879EED2D003F3B00635E00 /* SceneDelegate.h */,
				40879EEE2D003F3B00635E00 /* SceneDelegate.m */,
				40879EF02D003F3B00635E00 /* ViewController.h */,
				40879EF12D003F3B00635E00 /* ViewController.m */,
				40879EF32D003F3B00635E00 /* Main.storyboard */,
				40879EF62D003F3D00635E00 /* Assets.xcassets */,
				40879EF82D003F3D00635E00 /* LaunchScreen.storyboard */,
				40879EFB2D003F3D00635E00 /* Info.plist */,
				40879EFC2D003F3D00635E00 /* main.m */,
			);
			path = LBEBayDemo;
			sourceTree = "<group>";
		};
		40879F052D003F3D00635E00 /* LBEBayDemoTests */ = {
			isa = PBXGroup;
			children = (
				40879F062D003F3D00635E00 /* LBEBayDemoTests.m */,
			);
			path = LBEBayDemoTests;
			sourceTree = "<group>";
		};
		40879F0F2D003F3D00635E00 /* LBEBayDemoUITests */ = {
			isa = PBXGroup;
			children = (
				40879F102D003F3D00635E00 /* LBEBayDemoUITests.m */,
				40879F122D003F3D00635E00 /* LBEBayDemoUITestsLaunchTests.m */,
			);
			path = LBEBayDemoUITests;
			sourceTree = "<group>";
		};
/* End PBXGroup section */

/* Begin PBXNativeTarget section */
		40879EE62D003F3B00635E00 /* LBEBayDemo */ = {
			isa = PBXNativeTarget;
			buildConfigurationList = 40879F162D003F3D00635E00 /* Build configuration list for PBXNativeTarget "LBEBayDemo" */;
			buildPhases = (
				40879EE32D003F3B00635E00 /* Sources */,
				40879EE42D003F3B00635E00 /* Frameworks */,
				40879EE52D003F3B00635E00 /* Resources */,
			);
			buildRules = (
			);
			dependencies = (
			);
			name = LBEBayDemo;
			productName = LBEBayDemo;
			productReference = 40879EE72D003F3B00635E00 /* LBEBayDemo.app */;
			productType = "com.apple.product-type.application";
		};
		40879F012D003F3D00635E00 /* LBEBayDemoTests */ = {
			isa = PBXNativeTarget;
			buildConfigurationList = 40879F192D003F3D00635E00 /* Build configuration list for PBXNativeTarget "LBEBayDemoTests" */;
			buildPhases = (
				40879EFE2D003F3D00635E00 /* Sources */,
				40879EFF2D003F3D00635E00 /* Frameworks */,
				40879F002D003F3D00635E00 /* Resources */,
			);
			buildRules = (
			);
			dependencies = (
				40879F042D003F3D00635E00 /* PBXTargetDependency */,
			);
			name = LBEBayDemoTests;
			productName = LBEBayDemoTests;
			productReference = 40879F022D003F3D00635E00 /* LBEBayDemoTests.xctest */;
			productType = "com.apple.product-type.bundle.unit-test";
		};
		40879F0B2D003F3D00635E00 /* LBEBayDemoUITests */ = {
			isa = PBXNativeTarget;
			buildConfigurationList = 40879F1C2D003F3D00635E00 /* Build configuration list for PBXNativeTarget "LBEBayDemoUITests" */;
			buildPhases = (
				40879F082D003F3D00635E00 /* Sources */,
				40879F092D003F3D00635E00 /* Frameworks */,
				40879F0A2D003F3D00635E00 /* Resources */,
			);
			buildRules = (
			);
			dependencies = (
				40879F0E2D003F3D00635E00 /* PBXTargetDependency */,
			);
			name = LBEBayDemoUITests;
			productName = LBEBayDemoUITests;
			productReference = 40879F0C2D003F3D00635E00 /* LBEBayDemoUITests.xctest */;
			productType = "com.apple.product-type.bundle.ui-testing";
		};
/* End PBXNativeTarget section */

/* Begin PBXProject section */
		40879EDF2D003F3B00635E00 /* Project object */ = {
			isa = PBXProject;
			attributes = {
				BuildIndependentTargetsInParallel = 1;
				LastUpgradeCheck = 1530;
				TargetAttributes = {
					40879EE62D003F3B00635E00 = {
						CreatedOnToolsVersion = 15.3;
					};
					40879F012D003F3D00635E00 = {
						CreatedOnToolsVersion = 15.3;
						TestTargetID = 40879EE62D003F3B00635E00;
					};
					40879F0B2D003F3D00635E00 = {
						CreatedOnToolsVersion = 15.3;
						TestTargetID = 40879EE62D003F3B00635E00;
					};
				};
			};
			buildConfigurationList = 40879EE22D003F3B00635E00 /* Build configuration list for PBXProject "LBEBayDemo" */;
			compatibilityVersion = "Xcode 14.0";
			developmentRegion = en;
			hasScannedForEncodings = 0;
			knownRegions = (
				en,
				Base,
			);
			mainGroup = 40879EDE2D003F3B00635E00;
			productRefGroup = 40879EE82D003F3B00635E00 /* Products */;
			projectDirPath = "";
			projectRoot = "";
			targets = (
				40879EE62D003F3B00635E00 /* LBEBayDemo */,
				40879F012D003F3D00635E00 /* LBEBayDemoTests */,
				40879F0B2D003F3D00635E00 /* LBEBayDemoUITests */,
			);
		};
/* End PBXProject section */

/* Begin PBXResourcesBuildPhase section */
		40879EE52D003F3B00635E00 /* Resources */ = {
			isa = PBXResourcesBuildPhase;
			buildActionMask = 2147483647;
			files = (
				40879EF72D003F3D00635E00 /* Assets.xcassets in Resources */,
				40879EFA2D003F3D00635E00 /* Base in Resources */,
				40879EF52D003F3B00635E00 /* Base in Resources */,
			);
			runOnlyForDeploymentPostprocessing = 0;
		};
		40879F002D003F3D00635E00 /* Resources */ = {
			isa = PBXResourcesBuildPhase;
			buildActionMask = 2147483647;
			files = (
			);
			runOnlyForDeploymentPostprocessing = 0;
		};
		40879F0A2D003F3D00635E00 /* Resources */ = {
			isa = PBXResourcesBuildPhase;
			buildActionMask = 2147483647;
			files = (
			);
			runOnlyForDeploymentPostprocessing = 0;
		};
/* End PBXResourcesBuildPhase section */

/* Begin PBXSourcesBuildPhase section */
		40879EE32D003F3B00635E00 /* Sources */ = {
			isa = PBXSourcesBuildPhase;
			buildActionMask = 2147483647;
			files = (
				40879EF22D003F3B00635E00 /* ViewController.m in Sources */,
				40879EEC2D003F3B00635E00 /* AppDelegate.m in Sources */,
				40879EFD2D003F3D00635E00 /* main.m in Sources */,
				40879EEF2D003F3B00635E00 /* SceneDelegate.m in Sources */,
			);
			runOnlyForDeploymentPostprocessing = 0;
		};
		40879EFE2D003F3D00635E00 /* Sources */ = {
			isa = PBXSourcesBuildPhase;
			buildActionMask = 2147483647;
			files = (
				40879F072D003F3D00635E00 /* LBEBayDemoTests.m in Sources */,
			);
			runOnlyForDeploymentPostprocessing = 0;
		};
		40879F082D003F3D00635E00 /* Sources */ = {
			isa = PBXSourcesBuildPhase;
			buildActionMask = 2147483647;
			files = (
				40879F132D003F3D00635E00 /* LBEBayDemoUITestsLaunchTests.m in Sources */,
				40879F112D003F3D00635E00 /* LBEBayDemoUITests.m in Sources */,
			);
			runOnlyForDeploymentPostprocessing = 0;
		};
/* End PBXSourcesBuildPhase section */

/* Begin PBXTargetDependency section */
		40879F042D003F3D00635E00 /* PBXTargetDependency */ = {
			isa = PBXTargetDependency;
			target = 40879EE62D003F3B00635E00 /* LBEBayDemo */;
			targetProxy = 40879F032D003F3D00635E00 /* PBXContainerItemProxy */;
		};
		40879F0E2D003F3D00635E00 /* PBXTargetDependency */ = {
			isa = PBXTargetDependency;
			target = 40879EE62D003F3B00635E00 /* LBEBayDemo */;
			targetProxy = 40879F0D2D003F3D00635E00 /* PBXContainerItemProxy */;
		};
/* End PBXTargetDependency section */

/* Begin PBXVariantGroup section */
		40879EF32D003F3B00635E00 /* Main.storyboard */ = {
			isa = PBXVariantGroup;
			children = (
				40879EF42D003F3B00635E00 /* Base */,
			);
			name = Main.storyboard;
			sourceTree = "<group>";
		};
		40879EF82D003F3D00635E00 /* LaunchScreen.storyboard */ = {
			isa = PBXVariantGroup;
			children = (
				40879EF92D003F3D00635E00 /* Base */,
			);
			name = LaunchScreen.storyboard;
			sourceTree = "<group>";
		};
/* End PBXVariantGroup section */

/* Begin XCBuildConfiguration section */
		40879F142D003F3D00635E00 /* Debug */ = {
			isa = XCBuildConfiguration;
			buildSettings = {
				ALWAYS_SEARCH_USER_PATHS = NO;
				ASSETCATALOG_COMPILER_GENERATE_SWIFT_ASSET_SYMBOL_EXTENSIONS = YES;
				CLANG_ANALYZER_NONNULL = YES;
				CLANG_ANALYZER_NUMBER_OBJECT_CONVERSION = YES_AGGRESSIVE;
				CLANG_CXX_LANGUAGE_STANDARD = "gnu++20";
				CLANG_ENABLE_MODULES = YES;
				CLANG_ENABLE_OBJC_ARC = YES;
				CLANG_ENABLE_OBJC_WEAK = YES;
				CLANG_WARN_BLOCK_CAPTURE_AUTORELEASING = YES;
				CLANG_WARN_BOOL_CONVERSION = YES;
				CLANG_WARN_COMMA = YES;
				CLANG_WARN_CONSTANT_CONVERSION = YES;
				CLANG_WARN_DEPRECATED_OBJC_IMPLEMENTATIONS = YES;
				CLANG_WARN_DIRECT_OBJC_ISA_USAGE = YES_ERROR;
				CLANG_WARN_DOCUMENTATION_COMMENTS = YES;
				CLANG_WARN_EMPTY_BODY = YES;
				CLANG_WARN_ENUM_CONVERSION = YES;
				CLANG_WARN_INFINITE_RECURSION = YES;
				CLANG_WARN_INT_CONVERSION = YES;
				CLANG_WARN_NON_LITERAL_NULL_CONVERSION = YES;
				CLANG_WARN_OBJC_IMPLICIT_RETAIN_SELF = YES;
				CLANG_WARN_OBJC_LITERAL_CONVERSION = YES;
				CLANG_WARN_OBJC_ROOT_CLASS = YES_ERROR;
				CLANG_WARN_QUOTED_INCLUDE_IN_FRAMEWORK_HEADER = YES;
				CLANG_WARN_RANGE_LOOP_ANALYSIS = YES;
				CLANG_WARN_STRICT_PROTOTYPES = YES;
				CLANG_WARN_SUSPICIOUS_MOVE = YES;
				CLANG_WARN_UNGUARDED_AVAILABILITY = YES_AGGRESSIVE;
				CLANG_WARN_UNREACHABLE_CODE = YES;
				CLANG_WARN__DUPLICATE_METHOD_MATCH = YES;
				COPY_PHASE_STRIP = NO;
				DEBUG_INFORMATION_FORMAT = dwarf;
				ENABLE_STRICT_OBJC_MSGSEND = YES;
				ENABLE_TESTABILITY = YES;
				ENABLE_USER_SCRIPT_SANDBOXING = YES;
				GCC_C_LANGUAGE_STANDARD = gnu17;
				GCC_DYNAMIC_NO_PIC = NO;
				GCC_NO_COMMON_BLOCKS = YES;
				GCC_OPTIMIZATION_LEVEL = 0;
				GCC_PREPROCESSOR_DEFINITIONS = (
					"DEBUG=1",
					"$(inherited)",
				);
				GCC_WARN_64_TO_32_BIT_CONVERSION = YES;
				GCC_WARN_ABOUT_RETURN_TYPE = YES_ERROR;
				GCC_WARN_UNDECLARED_SELECTOR = YES;
				GCC_WARN_UNINITIALIZED_AUTOS = YES_AGGRESSIVE;
				GCC_WARN_UNUSED_FUNCTION = YES;
				GCC_WARN_UNUSED_VARIABLE = YES;
				IPHONEOS_DEPLOYMENT_TARGET = 17.4;
				LOCALIZATION_PREFERS_STRING_CATALOGS = YES;
				MTL_ENABLE_DEBUG_INFO = INCLUDE_SOURCE;
				MTL_FAST_MATH = YES;
				ONLY_ACTIVE_ARCH = YES;
				SDKROOT = iphoneos;
			};
			name = Debug;
		};
		40879F152D003F3D00635E00 /* Release */ = {
			isa = XCBuildConfiguration;
			buildSettings = {
				ALWAYS_SEARCH_USER_PATHS = NO;
				ASSETCATALOG_COMPILER_GENERATE_SWIFT_ASSET_SYMBOL_EXTENSIONS = YES;
				CLANG_ANALYZER_NONNULL = YES;
				CLANG_ANALYZER_NUMBER_OBJECT_CONVERSION = YES_AGGRESSIVE;
				CLANG_CXX_LANGUAGE_STANDARD = "gnu++20";
				CLANG_ENABLE_MODULES = YES;
				CLANG_ENABLE_OBJC_ARC = YES;
				CLANG_ENABLE_OBJC_WEAK = YES;
				CLANG_WARN_BLOCK_CAPTURE_AUTORELEASING = YES;
				CLANG_WARN_BOOL_CONVERSION = YES;
				CLANG_WARN_COMMA = YES;
				CLANG_WARN_CONSTANT_CONVERSION = YES;
				CLANG_WARN_DEPRECATED_OBJC_IMPLEMENTATIONS = YES;
				CLANG_WARN_DIRECT_OBJC_ISA_USAGE = YES_ERROR;
				CLANG_WARN_DOCUMENTATION_COMMENTS = YES;
				CLANG_WARN_EMPTY_BODY = YES;
				CLANG_WARN_ENUM_CONVERSION = YES;
				CLANG_WARN_INFINITE_RECURSION = YES;
				CLANG_WARN_INT_CONVERSION = YES;
				CLANG_WARN_NON_LITERAL_NULL_CONVERSION = YES;
				CLANG_WARN_OBJC_IMPLICIT_RETAIN_SELF = YES;
				CLANG_WARN_OBJC_LITERAL_CONVERSION = YES;
				CLANG_WARN_OBJC_ROOT_CLASS = YES_ERROR;
				CLANG_WARN_QUOTED_INCLUDE_IN_FRAMEWORK_HEADER = YES;
				CLANG_WARN_RANGE_LOOP_ANALYSIS = YES;
				CLANG_WARN_STRICT_PROTOTYPES = YES;
				CLANG_WARN_SUSPICIOUS_MOVE = YES;
				CLANG_WARN_UNGUARDED_AVAILABILITY = YES_AGGRESSIVE;
				CLANG_WARN_UNREACHABLE_CODE = YES;
				CLANG_WARN__DUPLICATE_METHOD_MATCH = YES;
				COPY_PHASE_STRIP = NO;
				DEBUG_INFORMATION_FORMAT = "dwarf-with-dsym";
				ENABLE_NS_ASSERTIONS = NO;
				ENABLE_STRICT_OBJC_MSGSEND = YES;
				ENABLE_USER_SCRIPT_SANDBOXING = YES;
				GCC_C_LANGUAGE_STANDARD = gnu17;
				GCC_NO_COMMON_BLOCKS = YES;
				GCC_WARN_64_TO_32_BIT_CONVERSION = YES;
				GCC_WARN_ABOUT_RETURN_TYPE = YES_ERROR;
				GCC_WARN_UNDECLARED_SELECTOR = YES;
				GCC_WARN_UNINITIALIZED_AUTOS = YES_AGGRESSIVE;
				GCC_WARN_UNUSED_FUNCTION = YES;
				GCC_WARN_UNUSED_VARIABLE = YES;
				IPHONEOS_DEPLOYMENT_TARGET = 17.4;
				LOCALIZATION_PREFERS_STRING_CATALOGS = YES;
				MTL_ENABLE_DEBUG_INFO = NO;
				MTL_FAST_MATH = YES;
				SDKROOT = iphoneos;
				VALIDATE_PRODUCT = YES;
			};
			name = Release;
		};
		40879F172D003F3D00635E00 /* Debug */ = {
			isa = XCBuildConfiguration;
			buildSettings = {
				ASSETCATALOG_COMPILER_APPICON_NAME = AppIcon;
				ASSETCATALOG_COMPILER_GLOBAL_ACCENT_COLOR_NAME = AccentColor;
				CODE_SIGN_STYLE = Automatic;
				CURRENT_PROJECT_VERSION = 1;
				GENERATE_INFOPLIST_FILE = YES;
				INFOPLIST_FILE = LBEBayDemo/Info.plist;
				INFOPLIST_KEY_UIApplicationSupportsIndirectInputEvents = YES;
				INFOPLIST_KEY_UILaunchStoryboardName = LaunchScreen;
				INFOPLIST_KEY_UIMainStoryboardFile = Main;
				INFOPLIST_KEY_UISupportedInterfaceOrientations_iPad = "UIInterfaceOrientationPortrait UIInterfaceOrientationPortraitUpsideDown UIInterfaceOrientationLandscapeLeft UIInterfaceOrientationLandscapeRight";
				INFOPLIST_KEY_UISupportedInterfaceOrientations_iPhone = "UIInterfaceOrientationPortrait UIInterfaceOrientationLandscapeLeft UIInterfaceOrientationLandscapeRight";
				LD_RUNPATH_SEARCH_PATHS = (
					"$(inherited)",
					"@executable_path/Frameworks",
				);
				MARKETING_VERSION = 1.0;
				PRODUCT_BUNDLE_IDENTIFIER = com.lb.letcode.LBEBayDemo;
				PRODUCT_NAME = "$(TARGET_NAME)";
				SWIFT_EMIT_LOC_STRINGS = YES;
				TARGETED_DEVICE_FAMILY = "1,2";
			};
			name = Debug;
		};
		40879F182D003F3D00635E00 /* Release */ = {
			isa = XCBuildConfiguration;
			buildSettings = {
				ASSETCATALOG_COMPILER_APPICON_NAME = AppIcon;
				ASSETCATALOG_COMPILER_GLOBAL_ACCENT_COLOR_NAME = AccentColor;
				CODE_SIGN_STYLE = Automatic;
				CURRENT_PROJECT_VERSION = 1;
				GENERATE_INFOPLIST_FILE = YES;
				INFOPLIST_FILE = LBEBayDemo/Info.plist;
				INFOPLIST_KEY_UIApplicationSupportsIndirectInputEvents = YES;
				INFOPLIST_KEY_UILaunchStoryboardName = LaunchScreen;
				INFOPLIST_KEY_UIMainStoryboardFile = Main;
				INFOPLIST_KEY_UISupportedInterfaceOrientations_iPad = "UIInterfaceOrientationPortrait UIInterfaceOrientationPortraitUpsideDown UIInterfaceOrientationLandscapeLeft UIInterfaceOrientationLandscapeRight";
				INFOPLIST_KEY_UISupportedInterfaceOrientations_iPhone = "UIInterfaceOrientationPortrait UIInterfaceOrientationLandscapeLeft UIInterfaceOrientationLandscapeRight";
				LD_RUNPATH_SEARCH_PATHS = (
					"$(inherited)",
					"@executable_path/Frameworks",
				);
				MARKETING_VERSION = 1.0;
				PRODUCT_BUNDLE_IDENTIFIER = com.lb.letcode.LBEBayDemo;
				PRODUCT_NAME = "$(TARGET_NAME)";
				SWIFT_EMIT_LOC_STRINGS = YES;
				TARGETED_DEVICE_FAMILY = "1,2";
			};
			name = Release;
		};
		40879F1A2D003F3D00635E00 /* Debug */ = {
			isa = XCBuildConfiguration;
			buildSettings = {
				BUNDLE_LOADER = "$(TEST_HOST)";
				CODE_SIGN_STYLE = Automatic;
				CURRENT_PROJECT_VERSION = 1;
				GENERATE_INFOPLIST_FILE = YES;
				IPHONEOS_DEPLOYMENT_TARGET = 17.4;
				MARKETING_VERSION = 1.0;
				PRODUCT_BUNDLE_IDENTIFIER = com.lb.letcode.LBEBayDemoTests;
				PRODUCT_NAME = "$(TARGET_NAME)";
				SWIFT_EMIT_LOC_STRINGS = NO;
				TARGETED_DEVICE_FAMILY = "1,2";
				TEST_HOST = "$(BUILT_PRODUCTS_DIR)/LBEBayDemo.app/$(BUNDLE_EXECUTABLE_FOLDER_PATH)/LBEBayDemo";
			};
			name = Debug;
		};
		40879F1B2D003F3D00635E00 /* Release */ = {
			isa = XCBuildConfiguration;
			buildSettings = {
				BUNDLE_LOADER = "$(TEST_HOST)";
				CODE_SIGN_STYLE = Automatic;
				CURRENT_PROJECT_VERSION = 1;
				GENERATE_INFOPLIST_FILE = YES;
				IPHONEOS_DEPLOYMENT_TARGET = 17.4;
				MARKETING_VERSION = 1.0;
				PRODUCT_BUNDLE_IDENTIFIER = com.lb.letcode.LBEBayDemoTests;
				PRODUCT_NAME = "$(TARGET_NAME)";
				SWIFT_EMIT_LOC_STRINGS = NO;
				TARGETED_DEVICE_FAMILY = "1,2";
				TEST_HOST = "$(BUILT_PRODUCTS_DIR)/LBEBayDemo.app/$(BUNDLE_EXECUTABLE_FOLDER_PATH)/LBEBayDemo";
			};
			name = Release;
		};
		40879F1D2D003F3D00635E00 /* Debug */ = {
			isa = XCBuildConfiguration;
			buildSettings = {
				CODE_SIGN_STYLE = Automatic;
				CURRENT_PROJECT_VERSION = 1;
				GENERATE_INFOPLIST_FILE = YES;
				MARKETING_VERSION = 1.0;
				PRODUCT_BUNDLE_IDENTIFIER = com.lb.letcode.LBEBayDemoUITests;
				PRODUCT_NAME = "$(TARGET_NAME)";
				SWIFT_EMIT_LOC_STRINGS = NO;
				TARGETED_DEVICE_FAMILY = "1,2";
				TEST_TARGET_NAME = LBEBayDemo;
			};
			name = Debug;
		};
		40879F1E2D003F3D00635E00 /* Release */ = {
			isa = XCBuildConfiguration;
			buildSettings = {
				CODE_SIGN_STYLE = Automatic;
				CURRENT_PROJECT_VERSION = 1;
				GENERATE_INFOPLIST_FILE = YES;
				MARKETING_VERSION = 1.0;
				PRODUCT_BUNDLE_IDENTIFIER = com.lb.letcode.LBEBayDemoUITests;
				PRODUCT_NAME = "$(TARGET_NAME)";
				SWIFT_EMIT_LOC_STRINGS = NO;
				TARGETED_DEVICE_FAMILY = "1,2";
				TEST_TARGET_NAME = LBEBayDemo;
			};
			name = Release;
		};
/* End XCBuildConfiguration section */

/* Begin XCConfigurationList section */
		40879EE22D003F3B00635E00 /* Build configuration list for PBXProject "LBEBayDemo" */ = {
			isa = XCConfigurationList;
			buildConfigurations = (
				40879F142D003F3D00635E00 /* Debug */,
				40879F152D003F3D00635E00 /* Release */,
			);
			defaultConfigurationIsVisible = 0;
			defaultConfigurationName = Release;
		};
		40879F162D003F3D00635E00 /* Build configuration list for PBXNativeTarget "LBEBayDemo" */ = {
			isa = XCConfigurationList;
			buildConfigurations = (
				40879F172D003F3D00635E00 /* Debug */,
				40879F182D003F3D00635E00 /* Release */,
			);
			defaultConfigurationIsVisible = 0;
			defaultConfigurationName = Release;
		};
		40879F192D003F3D00635E00 /* Build configuration list for PBXNativeTarget "LBEBayDemoTests" */ = {
			isa = XCConfigurationList;
			buildConfigurations = (
				40879F1A2D003F3D00635E00 /* Debug */,
				40879F1B2D003F3D00635E00 /* Release */,
			);
			defaultConfigurationIsVisible = 0;
			defaultConfigurationName = Release;
		};
		40879F1C2D003F3D00635E00 /* Build configuration list for PBXNativeTarget "LBEBayDemoUITests" */ = {
			isa = XCConfigurationList;
			buildConfigurations = (
				40879F1D2D003F3D00635E00 /* Debug */,
				40879F1E2D003F3D00635E00 /* Release */,
			);
			defaultConfigurationIsVisible = 0;
			defaultConfigurationName = Release;
		};
/* End XCConfigurationList section */
	};
	rootObject = 40879EDF2D003F3B00635E00 /* Project object */;
}
